
Microsoft Visual Studio Solution File, Format Version 12.00
# Visual Studio Version 16
VisualStudioVersion = 16.0.30413.136
MinimumVisualStudioVersion = 10.0.40219.1
Project("{2150E333-8FDC-42A3-9474-1A3956D46DE8}") = "src", "src", "{0A6C2336-61DC-4AC1-ADC5-B765B0C7428D}"
EndProject
Project("{2150E333-8FDC-42A3-9474-1A3956D46DE8}") = "Catalog", "Catalog", "{6F64AAAB-DC7A-4273-899D-F05443F2AC7A}"
EndProject
Project("{9A19103F-16F7-4668-BE54-9A1E7A4F7556}") = "Catalog.API", "src\Catalog\Catalog.API\Catalog.API.csproj", "{BDFDAA64-9983-44ED-9D65-1609D2797ACC}"
EndProject
Project("{E53339B2-1760-4266-BCC7-CA923CBCF16C}") = "docker-compose", "docker-compose.dcproj", "{EA4A3BC4-71FA-44ED-A7EB-679538F549C1}"
EndProject
Project("{2150E333-8FDC-42A3-9474-1A3956D46DE8}") = "Basket", "Basket", "{CE33A1C4-236F-4EED-A9A3-2837153D8C4A}"
EndProject
Project("{9A19103F-16F7-4668-BE54-9A1E7A4F7556}") = "Basket.API", "src\Basket\Basket.API\Basket.API.csproj", "{2CB07FEB-1148-40A7-88D8-05CF6E5B1836}"
EndProject
Project("{2150E333-8FDC-42A3-9474-1A3956D46DE8}") = "Common", "Common", "{4097D5A6-2217-4CCC-BBBA-C179F4270207}"
EndProject
Project("{FAE04EC0-301F-11D3-BF4B-00C04F79EFBC}") = "EventBusRabbitMQ", "src\Common\EventBusRabbitMQ\EventBusRabbitMQ.csproj", "{56407303-EA89-434F-9BB9-D24DBDFE93BD}"
EndProject
Global
	GlobalSection(SolutionConfigurationPlatforms) = preSolution
		Debug|Any CPU = Debug|Any CPU
		Release|Any CPU = Release|Any CPU
	EndGlobalSection
	GlobalSection(ProjectConfigurationPlatforms) = postSolution
		{BDFDAA64-9983-44ED-9D65-1609D2797ACC}.Debug|Any CPU.ActiveCfg = Debug|Any CPU
		{BDFDAA64-9983-44ED-9D65-1609D2797ACC}.Debug|Any CPU.Build.0 = Debug|Any CPU
		{BDFDAA64-9983-44ED-9D65-1609D2797ACC}.Release|Any CPU.ActiveCfg = Release|Any CPU
		{BDFDAA64-9983-44ED-9D65-1609D2797ACC}.Release|Any CPU.Build.0 = Release|Any CPU
		{EA4A3BC4-71FA-44ED-A7EB-679538F549C1}.Debug|Any CPU.ActiveCfg = Debug|Any CPU
		{EA4A3BC4-71FA-44ED-A7EB-679538F549C1}.Debug|Any CPU.Build.0 = Debug|Any CPU
		{EA4A3BC4-71FA-44ED-A7EB-679538F549C1}.Release|Any CPU.ActiveCfg = Release|Any CPU
		{EA4A3BC4-71FA-44ED-A7EB-679538F549C1}.Release|Any CPU.Build.0 = Release|Any CPU
		{2CB07FEB-1148-40A7-88D8-05CF6E5B1836}.Debug|Any CPU.ActiveCfg = Debug|Any CPU
		{2CB07FEB-1148-40A7-88D8-05CF6E5B1836}.Debug|Any CPU.Build.0 = Debug|Any CPU
		{2CB07FEB-1148-40A7-88D8-05CF6E5B1836}.Release|Any CPU.ActiveCfg = Release|Any CPU
		{2CB07FEB-1148-40A7-88D8-05CF6E5B1836}.Release|Any CPU.Build.0 = Release|Any CPU
		{56407303-EA89-434F-9BB9-D24DBDFE93BD}.Debug|Any CPU.ActiveCfg = Debug|Any CPU
		{56407303-EA89-434F-9BB9-D24DBDFE93BD}.Debug|Any CPU.Build.0 = Debug|Any CPU
		{56407303-EA89-434F-9BB9-D24DBDFE93BD}.Release|Any CPU.ActiveCfg = Release|Any CPU
		{56407303-EA89-434F-9BB9-D24DBDFE93BD}.Release|Any CPU.Build.0 = Release|Any CPU
	EndGlobalSection
	GlobalSection(SolutionProperties) = preSolution
		HideSolutionNode = FALSE
	EndGlobalSection
	GlobalSection(NestedProjects) = preSolution
		{6F64AAAB-DC7A-4273-899D-F05443F2AC7A} = {0A6C2336-61DC-4AC1-ADC5-B765B0C7428D}
		{BDFDAA64-9983-44ED-9D65-1609D2797ACC} = {6F64AAAB-DC7A-4273-899D-F05443F2AC7A}
		{CE33A1C4-236F-4EED-A9A3-2837153D8C4A} = {0A6C2336-61DC-4AC1-ADC5-B765B0C7428D}
		{2CB07FEB-1148-40A7-88D8-05CF6E5B1836} = {CE33A1C4-236F-4EED-A9A3-2837153D8C4A}
		{4097D5A6-2217-4CCC-BBBA-C179F4270207} = {0A6C2336-61DC-4AC1-ADC5-B765B0C7428D}
		{56407303-EA89-434F-9BB9-D24DBDFE93BD} = {4097D5A6-2217-4CCC-BBBA-C179F4270207}
	EndGlobalSection
	GlobalSection(ExtensibilityGlobals) = postSolution
		SolutionGuid = {B6C6E050-D371-40DF-8AF8-09AC98F95BA3}
	EndGlobalSection
EndGlobal
